
Microsoft Visual Studio Solution File, Format Version 12.00
# Visual Studio 15
Project("{FAE04EC0-301F-11D3-BF4B-00C04F79EFBC}") = "KT-EzBuy", "Assembly-CSharp.csproj", "{16B1AA9F-454F-C8C4-8248-E97AC9624B7D}"
EndProject
Project("{FAE04EC0-301F-11D3-BF4B-00C04F79EFBC}") = "KT-EzBuy", "Assembly-CSharp-Editor.csproj", "{05C98F87-D61A-4666-71FA-3BADAEA28E40}"
EndProject
Global
	GlobalSection(SolutionConfigurationPlatforms) = preSolution
		Debug|Any CPU = Debug|Any CPU
		Release|Any CPU = Release|Any CPU
	EndGlobalSection
	GlobalSection(ProjectConfigurationPlatforms) = postSolution
		{16B1AA9F-454F-C8C4-8248-E97AC9624B7D}.Debug|Any CPU.ActiveCfg = Debug|Any CPU
		{16B1AA9F-454F-C8C4-8248-E97AC9624B7D}.Debug|Any CPU.Build.0 = Debug|Any CPU
		{16B1AA9F-454F-C8C4-8248-E97AC9624B7D}.Release|Any CPU.ActiveCfg = Release|Any CPU
		{16B1AA9F-454F-C8C4-8248-E97AC9624B7D}.Release|Any CPU.Build.0 = Release|Any CPU
		{05C98F87-D61A-4666-71FA-3BADAEA28E40}.Debug|Any CPU.ActiveCfg = Debug|Any CPU
		{05C98F87-D61A-4666-71FA-3BADAEA28E40}.Debug|Any CPU.Build.0 = Debug|Any CPU
		{05C98F87-D61A-4666-71FA-3BADAEA28E40}.Release|Any CPU.ActiveCfg = Release|Any CPU
		{05C98F87-D61A-4666-71FA-3BADAEA28E40}.Release|Any CPU.Build.0 = Release|Any CPU
	EndGlobalSection
	GlobalSection(SolutionProperties) = preSolution
		HideSolutionNode = FALSE
	EndGlobalSection
EndGlobal
